
Microsoft Visual Studio Solution File, Format Version 12.00
# Visual Studio 14
VisualStudioVersion = 14.0.24720.0
MinimumVisualStudioVersion = 10.0.40219.1
Project("{2150E333-8FDC-42A3-9474-1A3956D46DE8}") = "0 - Presentation", "0 - Presentation", "{3F8667C4-04D2-4F55-B85B-6DF313583B7D}"
EndProject
Project("{2150E333-8FDC-42A3-9474-1A3956D46DE8}") = "1 - Services", "1 - Services", "{FADDBBA4-8BA1-4062-9580-0E8BE1F5E854}"
EndProject
Project("{2150E333-8FDC-42A3-9474-1A3956D46DE8}") = "2 - Application", "2 - Application", "{DCD0DA42-D572-4F75-89C2-1F6FD25C7A37}"
EndProject
Project("{2150E333-8FDC-42A3-9474-1A3956D46DE8}") = "3 - Domain", "3 - Domain", "{6944A286-137C-4B02-A439-51CFDCC35A3B}"
EndProject
Project("{2150E333-8FDC-42A3-9474-1A3956D46DE8}") = "4 - Infra", "4 - Infra", "{88F7F07C-B1CB-4147-B797-B3088CDCC5B8}"
EndProject
Project("{2150E333-8FDC-42A3-9474-1A3956D46DE8}") = "4.1 - CrossCutting", "4.1 - CrossCutting", "{79BDD658-999A-4F28-A347-B6B66CCB7587}"
EndProject
Project("{2150E333-8FDC-42A3-9474-1A3956D46DE8}") = "4.2 - Data", "4.2 - Data", "{B84E9FE3-4160-4BE7-B289-E9BAFAE60D24}"
EndProject
Project("{FAE04EC0-301F-11D3-BF4B-00C04F79EFBC}") = "NewTelecom.Infra.CrossCutting.Identity", "libs\NewTelecom.Infra.CrossCutting.Identity\NewTelecom.Infra.CrossCutting.Identity.csproj", "{384D0F8A-E49E-425D-B64C-385041628BFC}"
EndProject
Project("{FAE04EC0-301F-11D3-BF4B-00C04F79EFBC}") = "NewTelecom.Infra.CrossCutting.Ioc", "libs\NewTelecom.Infra.CrossCutting.Ioc\NewTelecom.Infra.CrossCutting.Ioc.csproj", "{EC52AC2A-6C6D-4C75-B888-09A4D0D3EAB0}"
EndProject
Project("{FAE04EC0-301F-11D3-BF4B-00C04F79EFBC}") = "NewTelecom.Infra.Data", "libs\NewTelecom.Infra.Data\NewTelecom.Infra.Data.csproj", "{99507E3B-B84A-49A2-A0B8-1EF32E951B4D}"
EndProject
Project("{FAE04EC0-301F-11D3-BF4B-00C04F79EFBC}") = "NewTelecom.Ui", "NewTelecom.Ui\NewTelecom.Ui.csproj", "{9A3CB67F-BBC3-4249-A8B3-FABCB01FEEE2}"
EndProject
Project("{8BB2217D-0F2D-49D1-97BC-3654ED321F3B}") = "NewTelecom.Web", "NewTelecom.Web\NewTelecom.Web.xproj", "{9E1A0A6B-B045-4202-B6F5-BD8BC5E5BEBB}"
EndProject
Project("{8BB2217D-0F2D-49D1-97BC-3654ED321F3B}") = "NewTelecom.Service", "NewTelecom.Service\NewTelecom.Service.xproj", "{E0FF7F9C-D777-4369-A8F1-419D889932CA}"
EndProject
Project("{8BB2217D-0F2D-49D1-97BC-3654ED321F3B}") = "NewTelecom.Domain", "NewTelecom.Domain\NewTelecom.Domain.xproj", "{096F0C2B-3990-417D-9FF8-E20EA12DE36C}"
EndProject
Global
	GlobalSection(SolutionConfigurationPlatforms) = preSolution
		Debug|Any CPU = Debug|Any CPU
		Release|Any CPU = Release|Any CPU
	EndGlobalSection
	GlobalSection(ProjectConfigurationPlatforms) = postSolution
		{384D0F8A-E49E-425D-B64C-385041628BFC}.Debug|Any CPU.ActiveCfg = Debug|Any CPU
		{384D0F8A-E49E-425D-B64C-385041628BFC}.Debug|Any CPU.Build.0 = Debug|Any CPU
		{384D0F8A-E49E-425D-B64C-385041628BFC}.Release|Any CPU.ActiveCfg = Release|Any CPU
		{384D0F8A-E49E-425D-B64C-385041628BFC}.Release|Any CPU.Build.0 = Release|Any CPU
		{EC52AC2A-6C6D-4C75-B888-09A4D0D3EAB0}.Debug|Any CPU.ActiveCfg = Debug|Any CPU
		{EC52AC2A-6C6D-4C75-B888-09A4D0D3EAB0}.Debug|Any CPU.Build.0 = Debug|Any CPU
		{EC52AC2A-6C6D-4C75-B888-09A4D0D3EAB0}.Release|Any CPU.ActiveCfg = Release|Any CPU
		{EC52AC2A-6C6D-4C75-B888-09A4D0D3EAB0}.Release|Any CPU.Build.0 = Release|Any CPU
		{99507E3B-B84A-49A2-A0B8-1EF32E951B4D}.Debug|Any CPU.ActiveCfg = Debug|Any CPU
		{99507E3B-B84A-49A2-A0B8-1EF32E951B4D}.Debug|Any CPU.Build.0 = Debug|Any CPU
		{99507E3B-B84A-49A2-A0B8-1EF32E951B4D}.Release|Any CPU.ActiveCfg = Release|Any CPU
		{99507E3B-B84A-49A2-A0B8-1EF32E951B4D}.Release|Any CPU.Build.0 = Release|Any CPU
		{9A3CB67F-BBC3-4249-A8B3-FABCB01FEEE2}.Debug|Any CPU.ActiveCfg = Debug|Any CPU
		{9A3CB67F-BBC3-4249-A8B3-FABCB01FEEE2}.Debug|Any CPU.Build.0 = Debug|Any CPU
		{9A3CB67F-BBC3-4249-A8B3-FABCB01FEEE2}.Release|Any CPU.ActiveCfg = Release|Any CPU
		{9A3CB67F-BBC3-4249-A8B3-FABCB01FEEE2}.Release|Any CPU.Build.0 = Release|Any CPU
		{9E1A0A6B-B045-4202-B6F5-BD8BC5E5BEBB}.Debug|Any CPU.ActiveCfg = Debug|Any CPU
		{9E1A0A6B-B045-4202-B6F5-BD8BC5E5BEBB}.Debug|Any CPU.Build.0 = Debug|Any CPU
		{9E1A0A6B-B045-4202-B6F5-BD8BC5E5BEBB}.Release|Any CPU.ActiveCfg = Release|Any CPU
		{9E1A0A6B-B045-4202-B6F5-BD8BC5E5BEBB}.Release|Any CPU.Build.0 = Release|Any CPU
		{E0FF7F9C-D777-4369-A8F1-419D889932CA}.Debug|Any CPU.ActiveCfg = Debug|Any CPU
		{E0FF7F9C-D777-4369-A8F1-419D889932CA}.Debug|Any CPU.Build.0 = Debug|Any CPU
		{E0FF7F9C-D777-4369-A8F1-419D889932CA}.Release|Any CPU.ActiveCfg = Release|Any CPU
		{E0FF7F9C-D777-4369-A8F1-419D889932CA}.Release|Any CPU.Build.0 = Release|Any CPU
		{096F0C2B-3990-417D-9FF8-E20EA12DE36C}.Debug|Any CPU.ActiveCfg = Debug|Any CPU
		{096F0C2B-3990-417D-9FF8-E20EA12DE36C}.Debug|Any CPU.Build.0 = Debug|Any CPU
		{096F0C2B-3990-417D-9FF8-E20EA12DE36C}.Release|Any CPU.ActiveCfg = Release|Any CPU
		{096F0C2B-3990-417D-9FF8-E20EA12DE36C}.Release|Any CPU.Build.0 = Release|Any CPU
	EndGlobalSection
	GlobalSection(SolutionProperties) = preSolution
		HideSolutionNode = FALSE
	EndGlobalSection
	GlobalSection(NestedProjects) = preSolution
		{79BDD658-999A-4F28-A347-B6B66CCB7587} = {88F7F07C-B1CB-4147-B797-B3088CDCC5B8}
		{B84E9FE3-4160-4BE7-B289-E9BAFAE60D24} = {88F7F07C-B1CB-4147-B797-B3088CDCC5B8}
		{384D0F8A-E49E-425D-B64C-385041628BFC} = {79BDD658-999A-4F28-A347-B6B66CCB7587}
		{EC52AC2A-6C6D-4C75-B888-09A4D0D3EAB0} = {79BDD658-999A-4F28-A347-B6B66CCB7587}
		{99507E3B-B84A-49A2-A0B8-1EF32E951B4D} = {B84E9FE3-4160-4BE7-B289-E9BAFAE60D24}
		{9A3CB67F-BBC3-4249-A8B3-FABCB01FEEE2} = {3F8667C4-04D2-4F55-B85B-6DF313583B7D}
		{9E1A0A6B-B045-4202-B6F5-BD8BC5E5BEBB} = {3F8667C4-04D2-4F55-B85B-6DF313583B7D}
		{E0FF7F9C-D777-4369-A8F1-419D889932CA} = {FADDBBA4-8BA1-4062-9580-0E8BE1F5E854}
		{096F0C2B-3990-417D-9FF8-E20EA12DE36C} = {6944A286-137C-4B02-A439-51CFDCC35A3B}
	EndGlobalSection
EndGlobal
